
Microsoft Visual Studio Solution File, Format Version 12.00
# Visual Studio Version 17
VisualStudioVersion = 17.1.32421.90
MinimumVisualStudioVersion = 10.0.40219.1
Project("{FAE04EC0-301F-11D3-BF4B-00C04F79EFBC}") = "ProgramsForNUnitTesting", "ProgramsForNUnitTesting.csproj", "{2C0D1160-0BAE-4A4E-B671-5A83E1B5F539}"
EndProject
Global
	GlobalSection(SolutionConfigurationPlatforms) = preSolution
		Debug|Any CPU = Debug|Any CPU
		Release|Any CPU = Release|Any CPU
	EndGlobalSection
	GlobalSection(ProjectConfigurationPlatforms) = postSolution
		{2C0D1160-0BAE-4A4E-B671-5A83E1B5F539}.Debug|Any CPU.ActiveCfg = Debug|Any CPU
		{2C0D1160-0BAE-4A4E-B671-5A83E1B5F539}.Debug|Any CPU.Build.0 = Debug|Any CPU
		{2C0D1160-0BAE-4A4E-B671-5A83E1B5F539}.Release|Any CPU.ActiveCfg = Release|Any CPU
		{2C0D1160-0BAE-4A4E-B671-5A83E1B5F539}.Release|Any CPU.Build.0 = Release|Any CPU
	EndGlobalSection
	GlobalSection(SolutionProperties) = preSolution
		HideSolutionNode = FALSE
	EndGlobalSection
	GlobalSection(ExtensibilityGlobals) = postSolution
		SolutionGuid = {615FC403-19BE-4953-BAD6-B2A25BC3ADDA}
	EndGlobalSection
EndGlobal
